
Microsoft Visual Studio Solution File, Format Version 12.00
# Visual Studio Version 16
VisualStudioVersion = 16.0.30611.23
MinimumVisualStudioVersion = 10.0.40219.1
Project("{FAE04EC0-301F-11D3-BF4B-00C04F79EFBC}") = "ClassDiagram_onlyProperties_CSharp", "ClassDiagram_onlyProperties_CSharp.csproj", "{B7C057FA-9D2E-4CE3-B9DD-E7019B37A0B1}"
EndProject
Global
	GlobalSection(SolutionConfigurationPlatforms) = preSolution
		Debug|Any CPU = Debug|Any CPU
		Release|Any CPU = Release|Any CPU
	EndGlobalSection
	GlobalSection(ProjectConfigurationPlatforms) = postSolution
		{B7C057FA-9D2E-4CE3-B9DD-E7019B37A0B1}.Debug|Any CPU.ActiveCfg = Debug|Any CPU
		{B7C057FA-9D2E-4CE3-B9DD-E7019B37A0B1}.Debug|Any CPU.Build.0 = Debug|Any CPU
		{B7C057FA-9D2E-4CE3-B9DD-E7019B37A0B1}.Release|Any CPU.ActiveCfg = Release|Any CPU
		{B7C057FA-9D2E-4CE3-B9DD-E7019B37A0B1}.Release|Any CPU.Build.0 = Release|Any CPU
	EndGlobalSection
	GlobalSection(SolutionProperties) = preSolution
		HideSolutionNode = FALSE
	EndGlobalSection
	GlobalSection(ExtensibilityGlobals) = postSolution
		SolutionGuid = {ACCEE033-6D82-49E8-8C0D-A8C110D8594B}
	EndGlobalSection
EndGlobal
